
Microsoft Visual Studio Solution File, Format Version 12.00
# Visual Studio Version 16
VisualStudioVersion = 16.0.28803.202
MinimumVisualStudioVersion = 10.0.40219.1
Project("{FAE04EC0-301F-11D3-BF4B-00C04F79EFBC}") = "Animalss.UI", "Animalss.UI\Animalss.UI.csproj", "{8C65F96F-83BC-4B3A-8E24-8B3D81D8BC7C}"
EndProject
Project("{FAE04EC0-301F-11D3-BF4B-00C04F79EFBC}") = "Animalss.Library", "Animalss.Library\Animalss.Library.csproj", "{5BC4DD16-0C54-4DEC-B8C1-C95DDF38BC68}"
EndProject
Global
	GlobalSection(SolutionConfigurationPlatforms) = preSolution
		Debug|Any CPU = Debug|Any CPU
		Release|Any CPU = Release|Any CPU
	EndGlobalSection
	GlobalSection(ProjectConfigurationPlatforms) = postSolution
		{8C65F96F-83BC-4B3A-8E24-8B3D81D8BC7C}.Debug|Any CPU.ActiveCfg = Debug|Any CPU
		{8C65F96F-83BC-4B3A-8E24-8B3D81D8BC7C}.Debug|Any CPU.Build.0 = Debug|Any CPU
		{8C65F96F-83BC-4B3A-8E24-8B3D81D8BC7C}.Release|Any CPU.ActiveCfg = Release|Any CPU
		{8C65F96F-83BC-4B3A-8E24-8B3D81D8BC7C}.Release|Any CPU.Build.0 = Release|Any CPU
		{5BC4DD16-0C54-4DEC-B8C1-C95DDF38BC68}.Debug|Any CPU.ActiveCfg = Debug|Any CPU
		{5BC4DD16-0C54-4DEC-B8C1-C95DDF38BC68}.Debug|Any CPU.Build.0 = Debug|Any CPU
		{5BC4DD16-0C54-4DEC-B8C1-C95DDF38BC68}.Release|Any CPU.ActiveCfg = Release|Any CPU
		{5BC4DD16-0C54-4DEC-B8C1-C95DDF38BC68}.Release|Any CPU.Build.0 = Release|Any CPU
	EndGlobalSection
	GlobalSection(SolutionProperties) = preSolution
		HideSolutionNode = FALSE
	EndGlobalSection
	GlobalSection(ExtensibilityGlobals) = postSolution
		SolutionGuid = {436B0DBA-3EDF-4D8E-B577-9DE6F3DE317C}
	EndGlobalSection
EndGlobal
