
Microsoft Visual Studio Solution File, Format Version 12.00
# Visual Studio Version 16
VisualStudioVersion = 16.0.28803.202
MinimumVisualStudioVersion = 10.0.40219.1
Project("{FAE04EC0-301F-11D3-BF4B-00C04F79EFBC}") = "Collections", "Collections\Collections.csproj", "{DA9ED45C-73DB-4037-A9B0-FCA2C4517870}"
EndProject
Global
	GlobalSection(SolutionConfigurationPlatforms) = preSolution
		Debug|Any CPU = Debug|Any CPU
		Release|Any CPU = Release|Any CPU
	EndGlobalSection
	GlobalSection(ProjectConfigurationPlatforms) = postSolution
		{DA9ED45C-73DB-4037-A9B0-FCA2C4517870}.Debug|Any CPU.ActiveCfg = Debug|Any CPU
		{DA9ED45C-73DB-4037-A9B0-FCA2C4517870}.Debug|Any CPU.Build.0 = Debug|Any CPU
		{DA9ED45C-73DB-4037-A9B0-FCA2C4517870}.Release|Any CPU.ActiveCfg = Release|Any CPU
		{DA9ED45C-73DB-4037-A9B0-FCA2C4517870}.Release|Any CPU.Build.0 = Release|Any CPU
	EndGlobalSection
	GlobalSection(SolutionProperties) = preSolution
		HideSolutionNode = FALSE
	EndGlobalSection
	GlobalSection(ExtensibilityGlobals) = postSolution
		SolutionGuid = {AEE75DAA-9F3C-44D5-9939-C14D83FA14FD}
	EndGlobalSection
EndGlobal
