
Microsoft Visual Studio Solution File, Format Version 12.00
# Visual Studio Version 16
VisualStudioVersion = 16.0.28803.202
MinimumVisualStudioVersion = 10.0.40219.1
Project("{FAE04EC0-301F-11D3-BF4B-00C04F79EFBC}") = "Calculator.UI", "Calculator.UI\Calculator.UI.csproj", "{19AD4F12-FD18-460B-B22A-6C77990D217E}"
EndProject
Project("{FAE04EC0-301F-11D3-BF4B-00C04F79EFBC}") = "Calculator.Library", "Calculator.Librarary\Calculator.Library.csproj", "{3E305CD7-3162-4591-B00C-C424561BF61B}"
EndProject
Global
	GlobalSection(SolutionConfigurationPlatforms) = preSolution
		Debug|Any CPU = Debug|Any CPU
		Release|Any CPU = Release|Any CPU
	EndGlobalSection
	GlobalSection(ProjectConfigurationPlatforms) = postSolution
		{19AD4F12-FD18-460B-B22A-6C77990D217E}.Debug|Any CPU.ActiveCfg = Debug|Any CPU
		{19AD4F12-FD18-460B-B22A-6C77990D217E}.Debug|Any CPU.Build.0 = Debug|Any CPU
		{19AD4F12-FD18-460B-B22A-6C77990D217E}.Release|Any CPU.ActiveCfg = Release|Any CPU
		{19AD4F12-FD18-460B-B22A-6C77990D217E}.Release|Any CPU.Build.0 = Release|Any CPU
		{3E305CD7-3162-4591-B00C-C424561BF61B}.Debug|Any CPU.ActiveCfg = Debug|Any CPU
		{3E305CD7-3162-4591-B00C-C424561BF61B}.Debug|Any CPU.Build.0 = Debug|Any CPU
		{3E305CD7-3162-4591-B00C-C424561BF61B}.Release|Any CPU.ActiveCfg = Release|Any CPU
		{3E305CD7-3162-4591-B00C-C424561BF61B}.Release|Any CPU.Build.0 = Release|Any CPU
	EndGlobalSection
	GlobalSection(SolutionProperties) = preSolution
		HideSolutionNode = FALSE
	EndGlobalSection
	GlobalSection(ExtensibilityGlobals) = postSolution
		SolutionGuid = {0CF09615-8AA3-45BF-8F7C-0F49082D4106}
	EndGlobalSection
EndGlobal
