
Microsoft Visual Studio Solution File, Format Version 12.00
# Visual Studio Version 16
VisualStudioVersion = 16.0.28803.202
MinimumVisualStudioVersion = 10.0.40219.1
Project("{FAE04EC0-301F-11D3-BF4B-00C04F79EFBC}") = "Animal.UI", "Animal.UI\Animal.UI.csproj", "{F1604A96-3E31-4294-8F70-0FFEDE79A7A2}"
EndProject
Project("{FAE04EC0-301F-11D3-BF4B-00C04F79EFBC}") = "AnimalLibrary1", "AnimalLibrary1\AnimalLibrary1.csproj", "{BDB1C7DC-062C-4450-A597-4C3411A2E9AF}"
EndProject
Global
	GlobalSection(SolutionConfigurationPlatforms) = preSolution
		Debug|Any CPU = Debug|Any CPU
		Release|Any CPU = Release|Any CPU
	EndGlobalSection
	GlobalSection(ProjectConfigurationPlatforms) = postSolution
		{F1604A96-3E31-4294-8F70-0FFEDE79A7A2}.Debug|Any CPU.ActiveCfg = Debug|Any CPU
		{F1604A96-3E31-4294-8F70-0FFEDE79A7A2}.Debug|Any CPU.Build.0 = Debug|Any CPU
		{F1604A96-3E31-4294-8F70-0FFEDE79A7A2}.Release|Any CPU.ActiveCfg = Release|Any CPU
		{F1604A96-3E31-4294-8F70-0FFEDE79A7A2}.Release|Any CPU.Build.0 = Release|Any CPU
		{BDB1C7DC-062C-4450-A597-4C3411A2E9AF}.Debug|Any CPU.ActiveCfg = Debug|Any CPU
		{BDB1C7DC-062C-4450-A597-4C3411A2E9AF}.Debug|Any CPU.Build.0 = Debug|Any CPU
		{BDB1C7DC-062C-4450-A597-4C3411A2E9AF}.Release|Any CPU.ActiveCfg = Release|Any CPU
		{BDB1C7DC-062C-4450-A597-4C3411A2E9AF}.Release|Any CPU.Build.0 = Release|Any CPU
	EndGlobalSection
	GlobalSection(SolutionProperties) = preSolution
		HideSolutionNode = FALSE
	EndGlobalSection
	GlobalSection(ExtensibilityGlobals) = postSolution
		SolutionGuid = {8CBEAB01-95E3-4563-A1B5-87A5CC404B69}
	EndGlobalSection
EndGlobal
