
Microsoft Visual Studio Solution File, Format Version 12.00
# Visual Studio Version 16
VisualStudioVersion = 16.0.28803.202
MinimumVisualStudioVersion = 10.0.40219.1
Project("{FAE04EC0-301F-11D3-BF4B-00C04F79EFBC}") = "Shape.UI", "Shape.UI\Shape.UI.csproj", "{2C42E4B2-392C-49F8-9AA5-B989F892E585}"
EndProject
Project("{FAE04EC0-301F-11D3-BF4B-00C04F79EFBC}") = "Shape.Library", "Shape.Library\Shape.Library.csproj", "{A36D64D8-5BB8-434B-9748-074C9DB09226}"
EndProject
Global
	GlobalSection(SolutionConfigurationPlatforms) = preSolution
		Debug|Any CPU = Debug|Any CPU
		Release|Any CPU = Release|Any CPU
	EndGlobalSection
	GlobalSection(ProjectConfigurationPlatforms) = postSolution
		{2C42E4B2-392C-49F8-9AA5-B989F892E585}.Debug|Any CPU.ActiveCfg = Debug|Any CPU
		{2C42E4B2-392C-49F8-9AA5-B989F892E585}.Debug|Any CPU.Build.0 = Debug|Any CPU
		{2C42E4B2-392C-49F8-9AA5-B989F892E585}.Release|Any CPU.ActiveCfg = Release|Any CPU
		{2C42E4B2-392C-49F8-9AA5-B989F892E585}.Release|Any CPU.Build.0 = Release|Any CPU
		{A36D64D8-5BB8-434B-9748-074C9DB09226}.Debug|Any CPU.ActiveCfg = Debug|Any CPU
		{A36D64D8-5BB8-434B-9748-074C9DB09226}.Debug|Any CPU.Build.0 = Debug|Any CPU
		{A36D64D8-5BB8-434B-9748-074C9DB09226}.Release|Any CPU.ActiveCfg = Release|Any CPU
		{A36D64D8-5BB8-434B-9748-074C9DB09226}.Release|Any CPU.Build.0 = Release|Any CPU
	EndGlobalSection
	GlobalSection(SolutionProperties) = preSolution
		HideSolutionNode = FALSE
	EndGlobalSection
	GlobalSection(ExtensibilityGlobals) = postSolution
		SolutionGuid = {0B12BDEE-B307-4D47-9209-1AB145F56BF1}
	EndGlobalSection
EndGlobal
