
Microsoft Visual Studio Solution File, Format Version 12.00
# Visual Studio Version 16
VisualStudioVersion = 16.0.28803.202
MinimumVisualStudioVersion = 10.0.40219.1
Project("{FAE04EC0-301F-11D3-BF4B-00C04F79EFBC}") = "Addition.UI", "Addition.UI\Addition.UI.csproj", "{37832553-0659-42E7-9A0E-7F9F71F8C064}"
EndProject
Project("{FAE04EC0-301F-11D3-BF4B-00C04F79EFBC}") = "Addition.Library", "Addition.Library\Addition.Library.csproj", "{8EC752EE-7E0B-4F6D-B3F9-80B75C0F324E}"
EndProject
Global
	GlobalSection(SolutionConfigurationPlatforms) = preSolution
		Debug|Any CPU = Debug|Any CPU
		Release|Any CPU = Release|Any CPU
	EndGlobalSection
	GlobalSection(ProjectConfigurationPlatforms) = postSolution
		{37832553-0659-42E7-9A0E-7F9F71F8C064}.Debug|Any CPU.ActiveCfg = Debug|Any CPU
		{37832553-0659-42E7-9A0E-7F9F71F8C064}.Debug|Any CPU.Build.0 = Debug|Any CPU
		{37832553-0659-42E7-9A0E-7F9F71F8C064}.Release|Any CPU.ActiveCfg = Release|Any CPU
		{37832553-0659-42E7-9A0E-7F9F71F8C064}.Release|Any CPU.Build.0 = Release|Any CPU
		{8EC752EE-7E0B-4F6D-B3F9-80B75C0F324E}.Debug|Any CPU.ActiveCfg = Debug|Any CPU
		{8EC752EE-7E0B-4F6D-B3F9-80B75C0F324E}.Debug|Any CPU.Build.0 = Debug|Any CPU
		{8EC752EE-7E0B-4F6D-B3F9-80B75C0F324E}.Release|Any CPU.ActiveCfg = Release|Any CPU
		{8EC752EE-7E0B-4F6D-B3F9-80B75C0F324E}.Release|Any CPU.Build.0 = Release|Any CPU
	EndGlobalSection
	GlobalSection(SolutionProperties) = preSolution
		HideSolutionNode = FALSE
	EndGlobalSection
	GlobalSection(ExtensibilityGlobals) = postSolution
		SolutionGuid = {0239E636-D25B-49F8-9A84-4E69AB82B075}
	EndGlobalSection
EndGlobal
