
Microsoft Visual Studio Solution File, Format Version 12.00
# Visual Studio Version 16
VisualStudioVersion = 16.0.28803.202
MinimumVisualStudioVersion = 10.0.40219.1
Project("{FAE04EC0-301F-11D3-BF4B-00C04F79EFBC}") = "Anima.UI", "Anima.UI\Anima.UI.csproj", "{987D7EEA-7E63-42E1-AD37-7A07B610F23A}"
EndProject
Project("{FAE04EC0-301F-11D3-BF4B-00C04F79EFBC}") = "Anima.Library", "Anima.Library\Anima.Library.csproj", "{2C47FFBF-31A3-4110-89B6-6F363480A6D2}"
EndProject
Global
	GlobalSection(SolutionConfigurationPlatforms) = preSolution
		Debug|Any CPU = Debug|Any CPU
		Release|Any CPU = Release|Any CPU
	EndGlobalSection
	GlobalSection(ProjectConfigurationPlatforms) = postSolution
		{987D7EEA-7E63-42E1-AD37-7A07B610F23A}.Debug|Any CPU.ActiveCfg = Debug|Any CPU
		{987D7EEA-7E63-42E1-AD37-7A07B610F23A}.Debug|Any CPU.Build.0 = Debug|Any CPU
		{987D7EEA-7E63-42E1-AD37-7A07B610F23A}.Release|Any CPU.ActiveCfg = Release|Any CPU
		{987D7EEA-7E63-42E1-AD37-7A07B610F23A}.Release|Any CPU.Build.0 = Release|Any CPU
		{2C47FFBF-31A3-4110-89B6-6F363480A6D2}.Debug|Any CPU.ActiveCfg = Debug|Any CPU
		{2C47FFBF-31A3-4110-89B6-6F363480A6D2}.Debug|Any CPU.Build.0 = Debug|Any CPU
		{2C47FFBF-31A3-4110-89B6-6F363480A6D2}.Release|Any CPU.ActiveCfg = Release|Any CPU
		{2C47FFBF-31A3-4110-89B6-6F363480A6D2}.Release|Any CPU.Build.0 = Release|Any CPU
	EndGlobalSection
	GlobalSection(SolutionProperties) = preSolution
		HideSolutionNode = FALSE
	EndGlobalSection
	GlobalSection(ExtensibilityGlobals) = postSolution
		SolutionGuid = {079AFD92-68AF-455B-B9AC-B38097B8DA2D}
	EndGlobalSection
EndGlobal
