
Microsoft Visual Studio Solution File, Format Version 12.00
# Visual Studio Version 16
VisualStudioVersion = 16.0.28803.202
MinimumVisualStudioVersion = 10.0.40219.1
Project("{FAE04EC0-301F-11D3-BF4B-00C04F79EFBC}") = "CollectionTesting.Library", "CollectionTesting.Library\CollectionTesting.Library.csproj", "{17D4EDB4-17C8-4B93-A0F3-EBFD35358370}"
EndProject
Project("{FAE04EC0-301F-11D3-BF4B-00C04F79EFBC}") = "CollectionTesting.Tests", "CollectionTesting.Tests\CollectionTesting.Tests.csproj", "{C15039AA-4DC3-4EE1-BC23-98A8498A7FC7}"
EndProject
Global
	GlobalSection(SolutionConfigurationPlatforms) = preSolution
		Debug|Any CPU = Debug|Any CPU
		Release|Any CPU = Release|Any CPU
	EndGlobalSection
	GlobalSection(ProjectConfigurationPlatforms) = postSolution
		{17D4EDB4-17C8-4B93-A0F3-EBFD35358370}.Debug|Any CPU.ActiveCfg = Debug|Any CPU
		{17D4EDB4-17C8-4B93-A0F3-EBFD35358370}.Debug|Any CPU.Build.0 = Debug|Any CPU
		{17D4EDB4-17C8-4B93-A0F3-EBFD35358370}.Release|Any CPU.ActiveCfg = Release|Any CPU
		{17D4EDB4-17C8-4B93-A0F3-EBFD35358370}.Release|Any CPU.Build.0 = Release|Any CPU
		{C15039AA-4DC3-4EE1-BC23-98A8498A7FC7}.Debug|Any CPU.ActiveCfg = Debug|Any CPU
		{C15039AA-4DC3-4EE1-BC23-98A8498A7FC7}.Debug|Any CPU.Build.0 = Debug|Any CPU
		{C15039AA-4DC3-4EE1-BC23-98A8498A7FC7}.Release|Any CPU.ActiveCfg = Release|Any CPU
		{C15039AA-4DC3-4EE1-BC23-98A8498A7FC7}.Release|Any CPU.Build.0 = Release|Any CPU
	EndGlobalSection
	GlobalSection(SolutionProperties) = preSolution
		HideSolutionNode = FALSE
	EndGlobalSection
	GlobalSection(ExtensibilityGlobals) = postSolution
		SolutionGuid = {D250A863-1526-43CD-B8FE-0239F3F4021B}
	EndGlobalSection
EndGlobal
